
Microsoft Visual Studio Solution File, Format Version 12.00
# Visual Studio 15
VisualStudioVersion = 15.0.25807.0
MinimumVisualStudioVersion = 10.0.40219.1
Project("{2150E333-8FDC-42A3-9474-1A3956D46DE8}") = "Engine", "Engine", "{1CAA4D74-A2BB-46B8-B1E1-ABA3FF6A036F}"
EndProject
Project("{2150E333-8FDC-42A3-9474-1A3956D46DE8}") = "Games", "Games", "{0DF4ABC0-41A4-4609-BBA6-89C0EA0D8D6A}"
EndProject
Project("{8BC9CEB8-8B4A-11D0-8D11-00A0C91BC942}") = "UE4", "Intermediate\ProjectFiles\UE4.vcxproj", "{42BBFD79-EA35-4E5D-8F14-32F3FF25A2FE}"
EndProject
Project("{8BC9CEB8-8B4A-11D0-8D11-00A0C91BC942}") = "VRELAX_IoR", "Intermediate\ProjectFiles\VRELAX_IoR.vcxproj", "{ABC29F18-BB3B-4F39-8EE5-2B421294A1E1}"
EndProject
Global
	GlobalSection(SolutionConfigurationPlatforms) = preSolution
		DebugGame Editor|HTML5 = DebugGame Editor|HTML5
		DebugGame Editor|Win32 = DebugGame Editor|Win32
		DebugGame Editor|Win64 = DebugGame Editor|Win64
		DebugGame|HTML5 = DebugGame|HTML5
		DebugGame|Win32 = DebugGame|Win32
		DebugGame|Win64 = DebugGame|Win64
		Development Editor|HTML5 = Development Editor|HTML5
		Development Editor|Win32 = Development Editor|Win32
		Development Editor|Win64 = Development Editor|Win64
		Development|HTML5 = Development|HTML5
		Development|Win32 = Development|Win32
		Development|Win64 = Development|Win64
		Shipping|HTML5 = Shipping|HTML5
		Shipping|Win32 = Shipping|Win32
		Shipping|Win64 = Shipping|Win64
	EndGlobalSection
	GlobalSection(ProjectConfigurationPlatforms) = postSolution
		{42BBFD79-EA35-4E5D-8F14-32F3FF25A2FE}.DebugGame Editor|HTML5.ActiveCfg = BuiltWithUnrealBuildTool|Win32
		{42BBFD79-EA35-4E5D-8F14-32F3FF25A2FE}.DebugGame Editor|HTML5.Build.0 = BuiltWithUnrealBuildTool|Win32
		{42BBFD79-EA35-4E5D-8F14-32F3FF25A2FE}.DebugGame Editor|Win32.ActiveCfg = BuiltWithUnrealBuildTool|Win32
		{42BBFD79-EA35-4E5D-8F14-32F3FF25A2FE}.DebugGame Editor|Win32.Build.0 = BuiltWithUnrealBuildTool|Win32
		{42BBFD79-EA35-4E5D-8F14-32F3FF25A2FE}.DebugGame Editor|Win64.ActiveCfg = BuiltWithUnrealBuildTool|Win32
		{42BBFD79-EA35-4E5D-8F14-32F3FF25A2FE}.DebugGame Editor|Win64.Build.0 = BuiltWithUnrealBuildTool|Win32
		{42BBFD79-EA35-4E5D-8F14-32F3FF25A2FE}.DebugGame|HTML5.ActiveCfg = BuiltWithUnrealBuildTool|Win32
		{42BBFD79-EA35-4E5D-8F14-32F3FF25A2FE}.DebugGame|HTML5.Build.0 = BuiltWithUnrealBuildTool|Win32
		{42BBFD79-EA35-4E5D-8F14-32F3FF25A2FE}.DebugGame|Win32.ActiveCfg = BuiltWithUnrealBuildTool|Win32
		{42BBFD79-EA35-4E5D-8F14-32F3FF25A2FE}.DebugGame|Win32.Build.0 = BuiltWithUnrealBuildTool|Win32
		{42BBFD79-EA35-4E5D-8F14-32F3FF25A2FE}.DebugGame|Win64.ActiveCfg = BuiltWithUnrealBuildTool|Win32
		{42BBFD79-EA35-4E5D-8F14-32F3FF25A2FE}.DebugGame|Win64.Build.0 = BuiltWithUnrealBuildTool|Win32
		{42BBFD79-EA35-4E5D-8F14-32F3FF25A2FE}.Development Editor|HTML5.ActiveCfg = BuiltWithUnrealBuildTool|Win32
		{42BBFD79-EA35-4E5D-8F14-32F3FF25A2FE}.Development Editor|HTML5.Build.0 = BuiltWithUnrealBuildTool|Win32
		{42BBFD79-EA35-4E5D-8F14-32F3FF25A2FE}.Development Editor|Win32.ActiveCfg = BuiltWithUnrealBuildTool|Win32
		{42BBFD79-EA35-4E5D-8F14-32F3FF25A2FE}.Development Editor|Win32.Build.0 = BuiltWithUnrealBuildTool|Win32
		{42BBFD79-EA35-4E5D-8F14-32F3FF25A2FE}.Development Editor|Win64.ActiveCfg = BuiltWithUnrealBuildTool|Win32
		{42BBFD79-EA35-4E5D-8F14-32F3FF25A2FE}.Development Editor|Win64.Build.0 = BuiltWithUnrealBuildTool|Win32
		{42BBFD79-EA35-4E5D-8F14-32F3FF25A2FE}.Development|HTML5.ActiveCfg = BuiltWithUnrealBuildTool|Win32
		{42BBFD79-EA35-4E5D-8F14-32F3FF25A2FE}.Development|HTML5.Build.0 = BuiltWithUnrealBuildTool|Win32
		{42BBFD79-EA35-4E5D-8F14-32F3FF25A2FE}.Development|Win32.ActiveCfg = BuiltWithUnrealBuildTool|Win32
		{42BBFD79-EA35-4E5D-8F14-32F3FF25A2FE}.Development|Win32.Build.0 = BuiltWithUnrealBuildTool|Win32
		{42BBFD79-EA35-4E5D-8F14-32F3FF25A2FE}.Development|Win64.ActiveCfg = BuiltWithUnrealBuildTool|Win32
		{42BBFD79-EA35-4E5D-8F14-32F3FF25A2FE}.Development|Win64.Build.0 = BuiltWithUnrealBuildTool|Win32
		{42BBFD79-EA35-4E5D-8F14-32F3FF25A2FE}.Shipping|HTML5.ActiveCfg = BuiltWithUnrealBuildTool|Win32
		{42BBFD79-EA35-4E5D-8F14-32F3FF25A2FE}.Shipping|HTML5.Build.0 = BuiltWithUnrealBuildTool|Win32
		{42BBFD79-EA35-4E5D-8F14-32F3FF25A2FE}.Shipping|Win32.ActiveCfg = BuiltWithUnrealBuildTool|Win32
		{42BBFD79-EA35-4E5D-8F14-32F3FF25A2FE}.Shipping|Win32.Build.0 = BuiltWithUnrealBuildTool|Win32
		{42BBFD79-EA35-4E5D-8F14-32F3FF25A2FE}.Shipping|Win64.ActiveCfg = BuiltWithUnrealBuildTool|Win32
		{42BBFD79-EA35-4E5D-8F14-32F3FF25A2FE}.Shipping|Win64.Build.0 = BuiltWithUnrealBuildTool|Win32
		{ABC29F18-BB3B-4F39-8EE5-2B421294A1E1}.DebugGame Editor|HTML5.ActiveCfg = HTML5_DebugGame_Editor|Win32
		{ABC29F18-BB3B-4F39-8EE5-2B421294A1E1}.DebugGame Editor|Win32.ActiveCfg = DebugGame_Editor|Win32
		{ABC29F18-BB3B-4F39-8EE5-2B421294A1E1}.DebugGame Editor|Win64.ActiveCfg = DebugGame_Editor|x64
		{ABC29F18-BB3B-4F39-8EE5-2B421294A1E1}.DebugGame Editor|Win64.Build.0 = DebugGame_Editor|x64
		{ABC29F18-BB3B-4F39-8EE5-2B421294A1E1}.DebugGame|HTML5.ActiveCfg = HTML5_DebugGame_Game|Win32
		{ABC29F18-BB3B-4F39-8EE5-2B421294A1E1}.DebugGame|HTML5.Build.0 = HTML5_DebugGame_Game|Win32
		{ABC29F18-BB3B-4F39-8EE5-2B421294A1E1}.DebugGame|Win32.ActiveCfg = DebugGame_Game|Win32
		{ABC29F18-BB3B-4F39-8EE5-2B421294A1E1}.DebugGame|Win32.Build.0 = DebugGame_Game|Win32
		{ABC29F18-BB3B-4F39-8EE5-2B421294A1E1}.DebugGame|Win64.ActiveCfg = DebugGame_Game|x64
		{ABC29F18-BB3B-4F39-8EE5-2B421294A1E1}.DebugGame|Win64.Build.0 = DebugGame_Game|x64
		{ABC29F18-BB3B-4F39-8EE5-2B421294A1E1}.Development Editor|HTML5.ActiveCfg = HTML5_Development_Editor|Win32
		{ABC29F18-BB3B-4F39-8EE5-2B421294A1E1}.Development Editor|Win32.ActiveCfg = Development_Editor|Win32
		{ABC29F18-BB3B-4F39-8EE5-2B421294A1E1}.Development Editor|Win64.ActiveCfg = Development_Editor|x64
		{ABC29F18-BB3B-4F39-8EE5-2B421294A1E1}.Development Editor|Win64.Build.0 = Development_Editor|x64
		{ABC29F18-BB3B-4F39-8EE5-2B421294A1E1}.Development|HTML5.ActiveCfg = HTML5_Development_Game|Win32
		{ABC29F18-BB3B-4F39-8EE5-2B421294A1E1}.Development|HTML5.Build.0 = HTML5_Development_Game|Win32
		{ABC29F18-BB3B-4F39-8EE5-2B421294A1E1}.Development|Win32.ActiveCfg = Development_Game|Win32
		{ABC29F18-BB3B-4F39-8EE5-2B421294A1E1}.Development|Win32.Build.0 = Development_Game|Win32
		{ABC29F18-BB3B-4F39-8EE5-2B421294A1E1}.Development|Win64.ActiveCfg = Development_Game|x64
		{ABC29F18-BB3B-4F39-8EE5-2B421294A1E1}.Development|Win64.Build.0 = Development_Game|x64
		{ABC29F18-BB3B-4F39-8EE5-2B421294A1E1}.Shipping|HTML5.ActiveCfg = HTML5_Shipping_Game|Win32
		{ABC29F18-BB3B-4F39-8EE5-2B421294A1E1}.Shipping|HTML5.Build.0 = HTML5_Shipping_Game|Win32
		{ABC29F18-BB3B-4F39-8EE5-2B421294A1E1}.Shipping|Win32.ActiveCfg = Shipping_Game|Win32
		{ABC29F18-BB3B-4F39-8EE5-2B421294A1E1}.Shipping|Win32.Build.0 = Shipping_Game|Win32
		{ABC29F18-BB3B-4F39-8EE5-2B421294A1E1}.Shipping|Win64.ActiveCfg = Shipping_Game|x64
		{ABC29F18-BB3B-4F39-8EE5-2B421294A1E1}.Shipping|Win64.Build.0 = Shipping_Game|x64
	EndGlobalSection
	GlobalSection(SolutionProperties) = preSolution
		HideSolutionNode = FALSE
	EndGlobalSection
	GlobalSection(NestedProjects) = preSolution
		{42BBFD79-EA35-4E5D-8F14-32F3FF25A2FE} = {1CAA4D74-A2BB-46B8-B1E1-ABA3FF6A036F}
		{ABC29F18-BB3B-4F39-8EE5-2B421294A1E1} = {0DF4ABC0-41A4-4609-BBA6-89C0EA0D8D6A}
	EndGlobalSection
	GlobalSection(ExtensibilityGlobals) = postSolution
		SolutionGuid = {6CD59C12-F3BC-4A76-A68E-AF5C0A65932E}
	EndGlobalSection
EndGlobal
